
Microsoft Visual Studio Solution File, Format Version 12.00
# Visual Studio Version 16
VisualStudioVersion = 16.0.31729.503
MinimumVisualStudioVersion = 10.0.40219.1
Project("{FAE04EC0-301F-11D3-BF4B-00C04F79EFBC}") = "pbinfo-106", "pbinfo-106\pbinfo-106.csproj", "{86DFBFC6-1ABF-49BA-94D5-BC2E1DF1D1D5}"
EndProject
Global
	GlobalSection(SolutionConfigurationPlatforms) = preSolution
		Debug|Any CPU = Debug|Any CPU
		Release|Any CPU = Release|Any CPU
	EndGlobalSection
	GlobalSection(ProjectConfigurationPlatforms) = postSolution
		{86DFBFC6-1ABF-49BA-94D5-BC2E1DF1D1D5}.Debug|Any CPU.ActiveCfg = Debug|Any CPU
		{86DFBFC6-1ABF-49BA-94D5-BC2E1DF1D1D5}.Debug|Any CPU.Build.0 = Debug|Any CPU
		{86DFBFC6-1ABF-49BA-94D5-BC2E1DF1D1D5}.Release|Any CPU.ActiveCfg = Release|Any CPU
		{86DFBFC6-1ABF-49BA-94D5-BC2E1DF1D1D5}.Release|Any CPU.Build.0 = Release|Any CPU
	EndGlobalSection
	GlobalSection(SolutionProperties) = preSolution
		HideSolutionNode = FALSE
	EndGlobalSection
	GlobalSection(ExtensibilityGlobals) = postSolution
		SolutionGuid = {5CA1AFE6-D042-4396-B886-828487CF298E}
	EndGlobalSection
EndGlobal
