
Microsoft Visual Studio Solution File, Format Version 12.00
# Visual Studio Version 16
VisualStudioVersion = 16.0.31729.503
MinimumVisualStudioVersion = 10.0.40219.1
Project("{FAE04EC0-301F-11D3-BF4B-00C04F79EFBC}") = "pbinfo-2601", "pbinfo-2601\pbinfo-2601.csproj", "{344BBBBD-13A8-4642-90AE-DCA59FBD8E0E}"
EndProject
Global
	GlobalSection(SolutionConfigurationPlatforms) = preSolution
		Debug|Any CPU = Debug|Any CPU
		Release|Any CPU = Release|Any CPU
	EndGlobalSection
	GlobalSection(ProjectConfigurationPlatforms) = postSolution
		{344BBBBD-13A8-4642-90AE-DCA59FBD8E0E}.Debug|Any CPU.ActiveCfg = Debug|Any CPU
		{344BBBBD-13A8-4642-90AE-DCA59FBD8E0E}.Debug|Any CPU.Build.0 = Debug|Any CPU
		{344BBBBD-13A8-4642-90AE-DCA59FBD8E0E}.Release|Any CPU.ActiveCfg = Release|Any CPU
		{344BBBBD-13A8-4642-90AE-DCA59FBD8E0E}.Release|Any CPU.Build.0 = Release|Any CPU
	EndGlobalSection
	GlobalSection(SolutionProperties) = preSolution
		HideSolutionNode = FALSE
	EndGlobalSection
	GlobalSection(ExtensibilityGlobals) = postSolution
		SolutionGuid = {7CCB8594-65CD-45D0-9917-0F636A396841}
	EndGlobalSection
EndGlobal
