
Microsoft Visual Studio Solution File, Format Version 12.00
# Visual Studio Version 16
VisualStudioVersion = 16.0.31729.503
MinimumVisualStudioVersion = 10.0.40219.1
Project("{FAE04EC0-301F-11D3-BF4B-00C04F79EFBC}") = "pbinfo-169", "pbinfo-169\pbinfo-169.csproj", "{FB2BA6CD-A6FE-4CA8-AAAA-4A853CFE1A6D}"
EndProject
Global
	GlobalSection(SolutionConfigurationPlatforms) = preSolution
		Debug|Any CPU = Debug|Any CPU
		Release|Any CPU = Release|Any CPU
	EndGlobalSection
	GlobalSection(ProjectConfigurationPlatforms) = postSolution
		{FB2BA6CD-A6FE-4CA8-AAAA-4A853CFE1A6D}.Debug|Any CPU.ActiveCfg = Debug|Any CPU
		{FB2BA6CD-A6FE-4CA8-AAAA-4A853CFE1A6D}.Debug|Any CPU.Build.0 = Debug|Any CPU
		{FB2BA6CD-A6FE-4CA8-AAAA-4A853CFE1A6D}.Release|Any CPU.ActiveCfg = Release|Any CPU
		{FB2BA6CD-A6FE-4CA8-AAAA-4A853CFE1A6D}.Release|Any CPU.Build.0 = Release|Any CPU
	EndGlobalSection
	GlobalSection(SolutionProperties) = preSolution
		HideSolutionNode = FALSE
	EndGlobalSection
	GlobalSection(ExtensibilityGlobals) = postSolution
		SolutionGuid = {29102122-F1EC-4818-92F2-0604E26D59A1}
	EndGlobalSection
EndGlobal
